// !$*UTF8*$!
{
	archiveVersion = 1;
	classes = {
	};
	objectVersion = 50;
	objects = {

/* Begin PBXBuildFile section */
		0625199323C823B8009A81C0 /* AppDelegate.swift in Sources */ = {isa = PBXBuildFile; fileRef = 0625199223C823B8009A81C0 /* AppDelegate.swift */; };
		0625199523C823B8009A81C0 /* SceneDelegate.swift in Sources */ = {isa = PBXBuildFile; fileRef = 0625199423C823B8009A81C0 /* SceneDelegate.swift */; };
		0625199723C823B8009A81C0 /* FirstViewController.swift in Sources */ = {isa = PBXBuildFile; fileRef = 0625199623C823B8009A81C0 /* FirstViewController.swift */; };
		0625199923C823B8009A81C0 /* SecondViewController.swift in Sources */ = {isa = PBXBuildFile; fileRef = 0625199823C823B8009A81C0 /* SecondViewController.swift */; };
		0625199C23C823B8009A81C0 /* Main.storyboard in Resources */ = {isa = PBXBuildFile; fileRef = 0625199A23C823B8009A81C0 /* Main.storyboard */; };
		0625199E23C823BA009A81C0 /* Assets.xcassets in Resources */ = {isa = PBXBuildFile; fileRef = 0625199D23C823BA009A81C0 /* Assets.xcassets */; };
		062519A123C823BA009A81C0 /* LaunchScreen.storyboard in Resources */ = {isa = PBXBuildFile; fileRef = 0625199F23C823BA009A81C0 /* LaunchScreen.storyboard */; };
		062519AC23C823BA009A81C0 /* TestCatalystTests.swift in Sources */ = {isa = PBXBuildFile; fileRef = 062519AB23C823BA009A81C0 /* TestCatalystTests.swift */; };
		062519B723C823BA009A81C0 /* TestCatalystUITests.swift in Sources */ = {isa = PBXBuildFile; fileRef = 062519B623C823BA009A81C0 /* TestCatalystUITests.swift */; };
		062519D623C82A5B009A81C0 /* MacApp.swift in Sources */ = {isa = PBXBuildFile; fileRef = 062519D523C82A5B009A81C0 /* MacApp.swift */; };
		062519D823C82AA1009A81C0 /* Catalyst.swift in Sources */ = {isa = PBXBuildFile; fileRef = 062519D723C82AA1009A81C0 /* Catalyst.swift */; };
		062519DA23C82B4F009A81C0 /* AppKitGlue.bundle in Embed PlugIns */ = {isa = PBXBuildFile; fileRef = 062519CE23C82A48009A81C0 /* AppKitGlue.bundle */; settings = {ATTRIBUTES = (CodeSignOnCopy, RemoveHeadersOnCopy, ); }; };
		06C9462223C84774002BFF99 /* NSEventModifierFlags+HotKey.swift in Sources */ = {isa = PBXBuildFile; fileRef = 06C9461D23C84774002BFF99 /* NSEventModifierFlags+HotKey.swift */; };
		06C9462323C84774002BFF99 /* KeyCombo.swift in Sources */ = {isa = PBXBuildFile; fileRef = 06C9461E23C84774002BFF99 /* KeyCombo.swift */; };
		06C9462423C84774002BFF99 /* Key.swift in Sources */ = {isa = PBXBuildFile; fileRef = 06C9461F23C84774002BFF99 /* Key.swift */; };
		06C9462523C84774002BFF99 /* HotKeysController.swift in Sources */ = {isa = PBXBuildFile; fileRef = 06C9462023C84774002BFF99 /* HotKeysController.swift */; };
		06C9462623C84774002BFF99 /* HotKey.swift in Sources */ = {isa = PBXBuildFile; fileRef = 06C9462123C84774002BFF99 /* HotKey.swift */; };
		48CB77731173D61E3F2620DB /* Pods_TestCatalyst.framework in Frameworks */ = {isa = PBXBuildFile; fileRef = 54EF3D9124F20B71E3057A2E /* Pods_TestCatalyst.framework */; };
		DC607722573994107F6A0E92 /* Pods_AppKitGlue.framework in Frameworks */ = {isa = PBXBuildFile; fileRef = C1277B438CD3A37E4C4B640C /* Pods_AppKitGlue.framework */; };
/* End PBXBuildFile section */

/* Begin PBXContainerItemProxy section */
		062519A823C823BA009A81C0 /* PBXContainerItemProxy */ = {
			isa = PBXContainerItemProxy;
			containerPortal = 0625198723C823B8009A81C0 /* Project object */;
			proxyType = 1;
			remoteGlobalIDString = 0625198E23C823B8009A81C0;
			remoteInfo = TestCatalyst;
		};
		062519B323C823BA009A81C0 /* PBXContainerItemProxy */ = {
			isa = PBXContainerItemProxy;
			containerPortal = 0625198723C823B8009A81C0 /* Project object */;
			proxyType = 1;
			remoteGlobalIDString = 0625198E23C823B8009A81C0;
			remoteInfo = TestCatalyst;
		};
		062519DB23C82B4F009A81C0 /* PBXContainerItemProxy */ = {
			isa = PBXContainerItemProxy;
			containerPortal = 0625198723C823B8009A81C0 /* Project object */;
			proxyType = 1;
			remoteGlobalIDString = 062519CD23C82A48009A81C0;
			remoteInfo = AppKitGlue;
		};
/* End PBXContainerItemProxy section */

/* Begin PBXCopyFilesBuildPhase section */
		062519DD23C82B4F009A81C0 /* Embed PlugIns */ = {
			isa = PBXCopyFilesBuildPhase;
			buildActionMask = 2147483647;
			dstPath = "";
			dstSubfolderSpec = 13;
			files = (
				062519DA23C82B4F009A81C0 /* AppKitGlue.bundle in Embed PlugIns */,
			);
			name = "Embed PlugIns";
			runOnlyForDeploymentPostprocessing = 0;
		};
/* End PBXCopyFilesBuildPhase section */

/* Begin PBXFileReference section */
		0625198F23C823B8009A81C0 /* TestCatalyst.app */ = {isa = PBXFileReference; explicitFileType = wrapper.application; includeInIndex = 0; path = TestCatalyst.app; sourceTree = BUILT_PRODUCTS_DIR; };
		0625199223C823B8009A81C0 /* AppDelegate.swift */ = {isa = PBXFileReference; lastKnownFileType = sourcecode.swift; path = AppDelegate.swift; sourceTree = "<group>"; };
		0625199423C823B8009A81C0 /* SceneDelegate.swift */ = {isa = PBXFileReference; lastKnownFileType = sourcecode.swift; path = SceneDelegate.swift; sourceTree = "<group>"; };
		0625199623C823B8009A81C0 /* FirstViewController.swift */ = {isa = PBXFileReference; lastKnownFileType = sourcecode.swift; path = FirstViewController.swift; sourceTree = "<group>"; };
		0625199823C823B8009A81C0 /* SecondViewController.swift */ = {isa = PBXFileReference; lastKnownFileType = sourcecode.swift; path = SecondViewController.swift; sourceTree = "<group>"; };
		0625199B23C823B8009A81C0 /* Base */ = {isa = PBXFileReference; lastKnownFileType = file.storyboard; name = Base; path = Base.lproj/Main.storyboard; sourceTree = "<group>"; };
		0625199D23C823BA009A81C0 /* Assets.xcassets */ = {isa = PBXFileReference; lastKnownFileType = folder.assetcatalog; path = Assets.xcassets; sourceTree = "<group>"; };
		062519A023C823BA009A81C0 /* Base */ = {isa = PBXFileReference; lastKnownFileType = file.storyboard; name = Base; path = Base.lproj/LaunchScreen.storyboard; sourceTree = "<group>"; };
		062519A223C823BA009A81C0 /* Info.plist */ = {isa = PBXFileReference; lastKnownFileType = text.plist.xml; path = Info.plist; sourceTree = "<group>"; };
		062519A723C823BA009A81C0 /* TestCatalystTests.xctest */ = {isa = PBXFileReference; explicitFileType = wrapper.cfbundle; includeInIndex = 0; path = TestCatalystTests.xctest; sourceTree = BUILT_PRODUCTS_DIR; };
		062519AB23C823BA009A81C0 /* TestCatalystTests.swift */ = {isa = PBXFileReference; lastKnownFileType = sourcecode.swift; path = TestCatalystTests.swift; sourceTree = "<group>"; };
		062519AD23C823BA009A81C0 /* Info.plist */ = {isa = PBXFileReference; lastKnownFileType = text.plist.xml; path = Info.plist; sourceTree = "<group>"; };
		062519B223C823BA009A81C0 /* TestCatalystUITests.xctest */ = {isa = PBXFileReference; explicitFileType = wrapper.cfbundle; includeInIndex = 0; path = TestCatalystUITests.xctest; sourceTree = BUILT_PRODUCTS_DIR; };
		062519B623C823BA009A81C0 /* TestCatalystUITests.swift */ = {isa = PBXFileReference; lastKnownFileType = sourcecode.swift; path = TestCatalystUITests.swift; sourceTree = "<group>"; };
		062519B823C823BA009A81C0 /* Info.plist */ = {isa = PBXFileReference; lastKnownFileType = text.plist.xml; path = Info.plist; sourceTree = "<group>"; };
		062519C423C823C1009A81C0 /* TestCatalyst.entitlements */ = {isa = PBXFileReference; lastKnownFileType = text.plist.entitlements; path = TestCatalyst.entitlements; sourceTree = "<group>"; };
		062519C523C82888009A81C0 /* TestCatalyst-Bridging-Header.h */ = {isa = PBXFileReference; lastKnownFileType = sourcecode.c.h; path = "TestCatalyst-Bridging-Header.h"; sourceTree = "<group>"; };
		062519C923C8291F009A81C0 /* AppKit.h */ = {isa = PBXFileReference; lastKnownFileType = sourcecode.c.h; path = AppKit.h; sourceTree = "<group>"; };
		062519CE23C82A48009A81C0 /* AppKitGlue.bundle */ = {isa = PBXFileReference; explicitFileType = wrapper.cfbundle; includeInIndex = 0; path = AppKitGlue.bundle; sourceTree = BUILT_PRODUCTS_DIR; };
		062519D023C82A48009A81C0 /* Info.plist */ = {isa = PBXFileReference; lastKnownFileType = text.plist.xml; path = Info.plist; sourceTree = "<group>"; };
		062519D423C82A5B009A81C0 /* AppKitGlue-Bridging-Header.h */ = {isa = PBXFileReference; lastKnownFileType = sourcecode.c.h; path = "AppKitGlue-Bridging-Header.h"; sourceTree = "<group>"; };
		062519D523C82A5B009A81C0 /* MacApp.swift */ = {isa = PBXFileReference; lastKnownFileType = sourcecode.swift; path = MacApp.swift; sourceTree = "<group>"; };
		062519D723C82AA1009A81C0 /* Catalyst.swift */ = {isa = PBXFileReference; lastKnownFileType = sourcecode.swift; path = Catalyst.swift; sourceTree = "<group>"; };
		06C9461D23C84774002BFF99 /* NSEventModifierFlags+HotKey.swift */ = {isa = PBXFileReference; fileEncoding = 4; lastKnownFileType = sourcecode.swift; path = "NSEventModifierFlags+HotKey.swift"; sourceTree = "<group>"; };
		06C9461E23C84774002BFF99 /* KeyCombo.swift */ = {isa = PBXFileReference; fileEncoding = 4; lastKnownFileType = sourcecode.swift; path = KeyCombo.swift; sourceTree = "<group>"; };
		06C9461F23C84774002BFF99 /* Key.swift */ = {isa = PBXFileReference; fileEncoding = 4; lastKnownFileType = sourcecode.swift; path = Key.swift; sourceTree = "<group>"; };
		06C9462023C84774002BFF99 /* HotKeysController.swift */ = {isa = PBXFileReference; fileEncoding = 4; lastKnownFileType = sourcecode.swift; path = HotKeysController.swift; sourceTree = "<group>"; };
		06C9462123C84774002BFF99 /* HotKey.swift */ = {isa = PBXFileReference; fileEncoding = 4; lastKnownFileType = sourcecode.swift; path = HotKey.swift; sourceTree = "<group>"; };
		1DBFE0591630BA0D4C2C8E96 /* Pods-AppKitGlue.debug.xcconfig */ = {isa = PBXFileReference; includeInIndex = 1; lastKnownFileType = text.xcconfig; name = "Pods-AppKitGlue.debug.xcconfig"; path = "Target Support Files/Pods-AppKitGlue/Pods-AppKitGlue.debug.xcconfig"; sourceTree = "<group>"; };
		47213AC754B660CDD44EAA91 /* Pods-TestCatalyst.debug.xcconfig */ = {isa = PBXFileReference; includeInIndex = 1; lastKnownFileType = text.xcconfig; name = "Pods-TestCatalyst.debug.xcconfig"; path = "Target Support Files/Pods-TestCatalyst/Pods-TestCatalyst.debug.xcconfig"; sourceTree = "<group>"; };
		54EF3D9124F20B71E3057A2E /* Pods_TestCatalyst.framework */ = {isa = PBXFileReference; explicitFileType = wrapper.framework; includeInIndex = 0; path = Pods_TestCatalyst.framework; sourceTree = BUILT_PRODUCTS_DIR; };
		B113108BD4A466C57DEC307E /* Pods-TestCatalyst.release.xcconfig */ = {isa = PBXFileReference; includeInIndex = 1; lastKnownFileType = text.xcconfig; name = "Pods-TestCatalyst.release.xcconfig"; path = "Target Support Files/Pods-TestCatalyst/Pods-TestCatalyst.release.xcconfig"; sourceTree = "<group>"; };
		B7815CB29C732AE45AF853DD /* Pods-AppKitGlue.release.xcconfig */ = {isa = PBXFileReference; includeInIndex = 1; lastKnownFileType = text.xcconfig; name = "Pods-AppKitGlue.release.xcconfig"; path = "Target Support Files/Pods-AppKitGlue/Pods-AppKitGlue.release.xcconfig"; sourceTree = "<group>"; };
		C1277B438CD3A37E4C4B640C /* Pods_AppKitGlue.framework */ = {isa = PBXFileReference; explicitFileType = wrapper.framework; includeInIndex = 0; path = Pods_AppKitGlue.framework; sourceTree = BUILT_PRODUCTS_DIR; };
/* End PBXFileReference section */

/* Begin PBXFrameworksBuildPhase section */
		0625198C23C823B8009A81C0 /* Frameworks */ = {
			isa = PBXFrameworksBuildPhase;
			buildActionMask = 2147483647;
			files = (
				48CB77731173D61E3F2620DB /* Pods_TestCatalyst.framework in Frameworks */,
			);
			runOnlyForDeploymentPostprocessing = 0;
		};
		062519A423C823BA009A81C0 /* Frameworks */ = {
			isa = PBXFrameworksBuildPhase;
			buildActionMask = 2147483647;
			files = (
			);
			runOnlyForDeploymentPostprocessing = 0;
		};
		062519AF23C823BA009A81C0 /* Frameworks */ = {
			isa = PBXFrameworksBuildPhase;
			buildActionMask = 2147483647;
			files = (
			);
			runOnlyForDeploymentPostprocessing = 0;
		};
		062519CB23C82A48009A81C0 /* Frameworks */ = {
			isa = PBXFrameworksBuildPhase;
			buildActionMask = 2147483647;
			files = (
				DC607722573994107F6A0E92 /* Pods_AppKitGlue.framework in Frameworks */,
			);
			runOnlyForDeploymentPostprocessing = 0;
		};
/* End PBXFrameworksBuildPhase section */

/* Begin PBXGroup section */
		0625198623C823B8009A81C0 = {
			isa = PBXGroup;
			children = (
				0625199123C823B8009A81C0 /* TestCatalyst */,
				062519AA23C823BA009A81C0 /* TestCatalystTests */,
				062519B523C823BA009A81C0 /* TestCatalystUITests */,
				062519CF23C82A48009A81C0 /* AppKitGlue */,
				0625199023C823B8009A81C0 /* Products */,
				062519D923C82B4F009A81C0 /* Frameworks */,
				1000F713184F06EC6DB07665 /* Pods */,
			);
			sourceTree = "<group>";
		};
		0625199023C823B8009A81C0 /* Products */ = {
			isa = PBXGroup;
			children = (
				0625198F23C823B8009A81C0 /* TestCatalyst.app */,
				062519A723C823BA009A81C0 /* TestCatalystTests.xctest */,
				062519B223C823BA009A81C0 /* TestCatalystUITests.xctest */,
				062519CE23C82A48009A81C0 /* AppKitGlue.bundle */,
			);
			name = Products;
			sourceTree = "<group>";
		};
		0625199123C823B8009A81C0 /* TestCatalyst */ = {
			isa = PBXGroup;
			children = (
				062519C423C823C1009A81C0 /* TestCatalyst.entitlements */,
				0625199223C823B8009A81C0 /* AppDelegate.swift */,
				0625199423C823B8009A81C0 /* SceneDelegate.swift */,
				0625199623C823B8009A81C0 /* FirstViewController.swift */,
				0625199823C823B8009A81C0 /* SecondViewController.swift */,
				0625199A23C823B8009A81C0 /* Main.storyboard */,
				0625199D23C823BA009A81C0 /* Assets.xcassets */,
				0625199F23C823BA009A81C0 /* LaunchScreen.storyboard */,
				062519A223C823BA009A81C0 /* Info.plist */,
				062519C523C82888009A81C0 /* TestCatalyst-Bridging-Header.h */,
				062519C923C8291F009A81C0 /* AppKit.h */,
				062519D723C82AA1009A81C0 /* Catalyst.swift */,
			);
			path = TestCatalyst;
			sourceTree = "<group>";
		};
		062519AA23C823BA009A81C0 /* TestCatalystTests */ = {
			isa = PBXGroup;
			children = (
				062519AB23C823BA009A81C0 /* TestCatalystTests.swift */,
				062519AD23C823BA009A81C0 /* Info.plist */,
			);
			path = TestCatalystTests;
			sourceTree = "<group>";
		};
		062519B523C823BA009A81C0 /* TestCatalystUITests */ = {
			isa = PBXGroup;
			children = (
				062519B623C823BA009A81C0 /* TestCatalystUITests.swift */,
				062519B823C823BA009A81C0 /* Info.plist */,
			);
			path = TestCatalystUITests;
			sourceTree = "<group>";
		};
		062519CF23C82A48009A81C0 /* AppKitGlue */ = {
			isa = PBXGroup;
			children = (
				06C9461C23C84774002BFF99 /* HotKey */,
				062519D023C82A48009A81C0 /* Info.plist */,
				062519D523C82A5B009A81C0 /* MacApp.swift */,
				062519D423C82A5B009A81C0 /* AppKitGlue-Bridging-Header.h */,
			);
			path = AppKitGlue;
			sourceTree = "<group>";
		};
		062519D923C82B4F009A81C0 /* Frameworks */ = {
			isa = PBXGroup;
			children = (
				C1277B438CD3A37E4C4B640C /* Pods_AppKitGlue.framework */,
				54EF3D9124F20B71E3057A2E /* Pods_TestCatalyst.framework */,
			);
			name = Frameworks;
			sourceTree = "<group>";
		};
		06C9461C23C84774002BFF99 /* HotKey */ = {
			isa = PBXGroup;
			children = (
				06C9461D23C84774002BFF99 /* NSEventModifierFlags+HotKey.swift */,
				06C9461E23C84774002BFF99 /* KeyCombo.swift */,
				06C9461F23C84774002BFF99 /* Key.swift */,
				06C9462023C84774002BFF99 /* HotKeysController.swift */,
				06C9462123C84774002BFF99 /* HotKey.swift */,
			);
			path = HotKey;
			sourceTree = "<group>";
		};
		1000F713184F06EC6DB07665 /* Pods */ = {
			isa = PBXGroup;
			children = (
				1DBFE0591630BA0D4C2C8E96 /* Pods-AppKitGlue.debug.xcconfig */,
				B7815CB29C732AE45AF853DD /* Pods-AppKitGlue.release.xcconfig */,
				47213AC754B660CDD44EAA91 /* Pods-TestCatalyst.debug.xcconfig */,
				B113108BD4A466C57DEC307E /* Pods-TestCatalyst.release.xcconfig */,
			);
			name = Pods;
			path = Pods;
			sourceTree = "<group>";
		};
/* End PBXGroup section */

/* Begin PBXNativeTarget section */
		0625198E23C823B8009A81C0 /* TestCatalyst */ = {
			isa = PBXNativeTarget;
			buildConfigurationList = 062519BB23C823BA009A81C0 /* Build configuration list for PBXNativeTarget "TestCatalyst" */;
			buildPhases = (
				D0BFAB5C2A1ED21C99914F1F /* [CP] Check Pods Manifest.lock */,
				0625198B23C823B8009A81C0 /* Sources */,
				0625198C23C823B8009A81C0 /* Frameworks */,
				0625198D23C823B8009A81C0 /* Resources */,
				062519DD23C82B4F009A81C0 /* Embed PlugIns */,
				75EB93A6DA93D9A3B5C31BBE /* [CP] Embed Pods Frameworks */,
			);
			buildRules = (
			);
			dependencies = (
				062519DC23C82B4F009A81C0 /* PBXTargetDependency */,
			);
			name = TestCatalyst;
			productName = TestCatalyst;
			productReference = 0625198F23C823B8009A81C0 /* TestCatalyst.app */;
			productType = "com.apple.product-type.application";
		};
		062519A623C823BA009A81C0 /* TestCatalystTests */ = {
			isa = PBXNativeTarget;
			buildConfigurationList = 062519BE23C823BA009A81C0 /* Build configuration list for PBXNativeTarget "TestCatalystTests" */;
			buildPhases = (
				062519A323C823BA009A81C0 /* Sources */,
				062519A423C823BA009A81C0 /* Frameworks */,
				062519A523C823BA009A81C0 /* Resources */,
			);
			buildRules = (
			);
			dependencies = (
				062519A923C823BA009A81C0 /* PBXTargetDependency */,
			);
			name = TestCatalystTests;
			productName = TestCatalystTests;
			productReference = 062519A723C823BA009A81C0 /* TestCatalystTests.xctest */;
			productType = "com.apple.product-type.bundle.unit-test";
		};
		062519B123C823BA009A81C0 /* TestCatalystUITests */ = {
			isa = PBXNativeTarget;
			buildConfigurationList = 062519C123C823BA009A81C0 /* Build configuration list for PBXNativeTarget "TestCatalystUITests" */;
			buildPhases = (
				062519AE23C823BA009A81C0 /* Sources */,
				062519AF23C823BA009A81C0 /* Frameworks */,
				062519B023C823BA009A81C0 /* Resources */,
			);
			buildRules = (
			);
			dependencies = (
				062519B423C823BA009A81C0 /* PBXTargetDependency */,
			);
			name = TestCatalystUITests;
			productName = TestCatalystUITests;
			productReference = 062519B223C823BA009A81C0 /* TestCatalystUITests.xctest */;
			productType = "com.apple.product-type.bundle.ui-testing";
		};
		062519CD23C82A48009A81C0 /* AppKitGlue */ = {
			isa = PBXNativeTarget;
			buildConfigurationList = 062519D123C82A48009A81C0 /* Build configuration list for PBXNativeTarget "AppKitGlue" */;
			buildPhases = (
				FF59D8ECADA9D8A02F5494C8 /* [CP] Check Pods Manifest.lock */,
				062519CA23C82A48009A81C0 /* Sources */,
				062519CB23C82A48009A81C0 /* Frameworks */,
				062519CC23C82A48009A81C0 /* Resources */,
			);
			buildRules = (
			);
			dependencies = (
			);
			name = AppKitGlue;
			productName = AppKitGlue;
			productReference = 062519CE23C82A48009A81C0 /* AppKitGlue.bundle */;
			productType = "com.apple.product-type.bundle";
		};
/* End PBXNativeTarget section */

/* Begin PBXProject section */
		0625198723C823B8009A81C0 /* Project object */ = {
			isa = PBXProject;
			attributes = {
				LastSwiftUpdateCheck = 1130;
				LastUpgradeCheck = 1130;
				ORGANIZATIONNAME = "StaySorted Inc";
				TargetAttributes = {
					0625198E23C823B8009A81C0 = {
						CreatedOnToolsVersion = 11.3;
						LastSwiftMigration = 1130;
					};
					062519A623C823BA009A81C0 = {
						CreatedOnToolsVersion = 11.3;
						TestTargetID = 0625198E23C823B8009A81C0;
					};
					062519B123C823BA009A81C0 = {
						CreatedOnToolsVersion = 11.3;
						TestTargetID = 0625198E23C823B8009A81C0;
					};
					062519CD23C82A48009A81C0 = {
						CreatedOnToolsVersion = 11.3;
						LastSwiftMigration = 1130;
					};
				};
			};
			buildConfigurationList = 0625198A23C823B8009A81C0 /* Build configuration list for PBXProject "TestCatalyst" */;
			compatibilityVersion = "Xcode 9.3";
			developmentRegion = en;
			hasScannedForEncodings = 0;
			knownRegions = (
				en,
				Base,
			);
			mainGroup = 0625198623C823B8009A81C0;
			productRefGroup = 0625199023C823B8009A81C0 /* Products */;
			projectDirPath = "";
			projectRoot = "";
			targets = (
				0625198E23C823B8009A81C0 /* TestCatalyst */,
				062519A623C823BA009A81C0 /* TestCatalystTests */,
				062519B123C823BA009A81C0 /* TestCatalystUITests */,
				062519CD23C82A48009A81C0 /* AppKitGlue */,
			);
		};
/* End PBXProject section */

/* Begin PBXResourcesBuildPhase section */
		0625198D23C823B8009A81C0 /* Resources */ = {
			isa = PBXResourcesBuildPhase;
			buildActionMask = 2147483647;
			files = (
				062519A123C823BA009A81C0 /* LaunchScreen.storyboard in Resources */,
				0625199E23C823BA009A81C0 /* Assets.xcassets in Resources */,
				0625199C23C823B8009A81C0 /* Main.storyboard in Resources */,
			);
			runOnlyForDeploymentPostprocessing = 0;
		};
		062519A523C823BA009A81C0 /* Resources */ = {
			isa = PBXResourcesBuildPhase;
			buildActionMask = 2147483647;
			files = (
			);
			runOnlyForDeploymentPostprocessing = 0;
		};
		062519B023C823BA009A81C0 /* Resources */ = {
			isa = PBXResourcesBuildPhase;
			buildActionMask = 2147483647;
			files = (
			);
			runOnlyForDeploymentPostprocessing = 0;
		};
		062519CC23C82A48009A81C0 /* Resources */ = {
			isa = PBXResourcesBuildPhase;
			buildActionMask = 2147483647;
			files = (
			);
			runOnlyForDeploymentPostprocessing = 0;
		};
/* End PBXResourcesBuildPhase section */

/* Begin PBXShellScriptBuildPhase section */
		75EB93A6DA93D9A3B5C31BBE /* [CP] Embed Pods Frameworks */ = {
			isa = PBXShellScriptBuildPhase;
			buildActionMask = 2147483647;
			files = (
			);
			inputFileListPaths = (
				"${PODS_ROOT}/Target Support Files/Pods-TestCatalyst/Pods-TestCatalyst-frameworks-${CONFIGURATION}-input-files.xcfilelist",
			);
			name = "[CP] Embed Pods Frameworks";
			outputFileListPaths = (
				"${PODS_ROOT}/Target Support Files/Pods-TestCatalyst/Pods-TestCatalyst-frameworks-${CONFIGURATION}-output-files.xcfilelist",
			);
			runOnlyForDeploymentPostprocessing = 0;
			shellPath = /bin/sh;
			shellScript = "\"${PODS_ROOT}/Target Support Files/Pods-TestCatalyst/Pods-TestCatalyst-frameworks.sh\"\n";
			showEnvVarsInLog = 0;
		};
		D0BFAB5C2A1ED21C99914F1F /* [CP] Check Pods Manifest.lock */ = {
			isa = PBXShellScriptBuildPhase;
			buildActionMask = 2147483647;
			files = (
			);
			inputFileListPaths = (
			);
			inputPaths = (
				"${PODS_PODFILE_DIR_PATH}/Podfile.lock",
				"${PODS_ROOT}/Manifest.lock",
			);
			name = "[CP] Check Pods Manifest.lock";
			outputFileListPaths = (
			);
			outputPaths = (
				"$(DERIVED_FILE_DIR)/Pods-TestCatalyst-checkManifestLockResult.txt",
			);
			runOnlyForDeploymentPostprocessing = 0;
			shellPath = /bin/sh;
			shellScript = "diff \"${PODS_PODFILE_DIR_PATH}/Podfile.lock\" \"${PODS_ROOT}/Manifest.lock\" > /dev/null\nif [ $? != 0 ] ; then\n    # print error to STDERR\n    echo \"error: The sandbox is not in sync with the Podfile.lock. Run 'pod install' or update your CocoaPods installation.\" >&2\n    exit 1\nfi\n# This output is used by Xcode 'outputs' to avoid re-running this script phase.\necho \"SUCCESS\" > \"${SCRIPT_OUTPUT_FILE_0}\"\n";
			showEnvVarsInLog = 0;
		};
		FF59D8ECADA9D8A02F5494C8 /* [CP] Check Pods Manifest.lock */ = {
			isa = PBXShellScriptBuildPhase;
			buildActionMask = 2147483647;
			files = (
			);
			inputFileListPaths = (
			);
			inputPaths = (
				"${PODS_PODFILE_DIR_PATH}/Podfile.lock",
				"${PODS_ROOT}/Manifest.lock",
			);
			name = "[CP] Check Pods Manifest.lock";
			outputFileListPaths = (
			);
			outputPaths = (
				"$(DERIVED_FILE_DIR)/Pods-AppKitGlue-checkManifestLockResult.txt",
			);
			runOnlyForDeploymentPostprocessing = 0;
			shellPath = /bin/sh;
			shellScript = "diff \"${PODS_PODFILE_DIR_PATH}/Podfile.lock\" \"${PODS_ROOT}/Manifest.lock\" > /dev/null\nif [ $? != 0 ] ; then\n    # print error to STDERR\n    echo \"error: The sandbox is not in sync with the Podfile.lock. Run 'pod install' or update your CocoaPods installation.\" >&2\n    exit 1\nfi\n# This output is used by Xcode 'outputs' to avoid re-running this script phase.\necho \"SUCCESS\" > \"${SCRIPT_OUTPUT_FILE_0}\"\n";
			showEnvVarsInLog = 0;
		};
/* End PBXShellScriptBuildPhase section */

/* Begin PBXSourcesBuildPhase section */
		0625198B23C823B8009A81C0 /* Sources */ = {
			isa = PBXSourcesBuildPhase;
			buildActionMask = 2147483647;
			files = (
				0625199923C823B8009A81C0 /* SecondViewController.swift in Sources */,
				0625199723C823B8009A81C0 /* FirstViewController.swift in Sources */,
				0625199323C823B8009A81C0 /* AppDelegate.swift in Sources */,
				062519D823C82AA1009A81C0 /* Catalyst.swift in Sources */,
				0625199523C823B8009A81C0 /* SceneDelegate.swift in Sources */,
			);
			runOnlyForDeploymentPostprocessing = 0;
		};
		062519A323C823BA009A81C0 /* Sources */ = {
			isa = PBXSourcesBuildPhase;
			buildActionMask = 2147483647;
			files = (
				062519AC23C823BA009A81C0 /* TestCatalystTests.swift in Sources */,
			);
			runOnlyForDeploymentPostprocessing = 0;
		};
		062519AE23C823BA009A81C0 /* Sources */ = {
			isa = PBXSourcesBuildPhase;
			buildActionMask = 2147483647;
			files = (
				062519B723C823BA009A81C0 /* TestCatalystUITests.swift in Sources */,
			);
			runOnlyForDeploymentPostprocessing = 0;
		};
		062519CA23C82A48009A81C0 /* Sources */ = {
			isa = PBXSourcesBuildPhase;
			buildActionMask = 2147483647;
			files = (
				06C9462523C84774002BFF99 /* HotKeysController.swift in Sources */,
				06C9462223C84774002BFF99 /* NSEventModifierFlags+HotKey.swift in Sources */,
				06C9462423C84774002BFF99 /* Key.swift in Sources */,
				06C9462323C84774002BFF99 /* KeyCombo.swift in Sources */,
				062519D623C82A5B009A81C0 /* MacApp.swift in Sources */,
				06C9462623C84774002BFF99 /* HotKey.swift in Sources */,
			);
			runOnlyForDeploymentPostprocessing = 0;
		};
/* End PBXSourcesBuildPhase section */

/* Begin PBXTargetDependency section */
		062519A923C823BA009A81C0 /* PBXTargetDependency */ = {
			isa = PBXTargetDependency;
			target = 0625198E23C823B8009A81C0 /* TestCatalyst */;
			targetProxy = 062519A823C823BA009A81C0 /* PBXContainerItemProxy */;
		};
		062519B423C823BA009A81C0 /* PBXTargetDependency */ = {
			isa = PBXTargetDependency;
			target = 0625198E23C823B8009A81C0 /* TestCatalyst */;
			targetProxy = 062519B323C823BA009A81C0 /* PBXContainerItemProxy */;
		};
		062519DC23C82B4F009A81C0 /* PBXTargetDependency */ = {
			isa = PBXTargetDependency;
			target = 062519CD23C82A48009A81C0 /* AppKitGlue */;
			targetProxy = 062519DB23C82B4F009A81C0 /* PBXContainerItemProxy */;
		};
/* End PBXTargetDependency section */

/* Begin PBXVariantGroup section */
		0625199A23C823B8009A81C0 /* Main.storyboard */ = {
			isa = PBXVariantGroup;
			children = (
				0625199B23C823B8009A81C0 /* Base */,
			);
			name = Main.storyboard;
			sourceTree = "<group>";
		};
		0625199F23C823BA009A81C0 /* LaunchScreen.storyboard */ = {
			isa = PBXVariantGroup;
			children = (
				062519A023C823BA009A81C0 /* Base */,
			);
			name = LaunchScreen.storyboard;
			sourceTree = "<group>";
		};
/* End PBXVariantGroup section */

/* Begin XCBuildConfiguration section */
		062519B923C823BA009A81C0 /* Debug */ = {
			isa = XCBuildConfiguration;
			buildSettings = {
				ALWAYS_SEARCH_USER_PATHS = NO;
				CLANG_ANALYZER_NONNULL = YES;
				CLANG_ANALYZER_NUMBER_OBJECT_CONVERSION = YES_AGGRESSIVE;
				CLANG_CXX_LANGUAGE_STANDARD = "gnu++14";
				CLANG_CXX_LIBRARY = "libc++";
				CLANG_ENABLE_MODULES = YES;
				CLANG_ENABLE_OBJC_ARC = YES;
				CLANG_ENABLE_OBJC_WEAK = YES;
				CLANG_WARN_BLOCK_CAPTURE_AUTORELEASING = YES;
				CLANG_WARN_BOOL_CONVERSION = YES;
				CLANG_WARN_COMMA = YES;
				CLANG_WARN_CONSTANT_CONVERSION = YES;
				CLANG_WARN_DEPRECATED_OBJC_IMPLEMENTATIONS = YES;
				CLANG_WARN_DIRECT_OBJC_ISA_USAGE = YES_ERROR;
				CLANG_WARN_DOCUMENTATION_COMMENTS = YES;
				CLANG_WARN_EMPTY_BODY = YES;
				CLANG_WARN_ENUM_CONVERSION = YES;
				CLANG_WARN_INFINITE_RECURSION = YES;
				CLANG_WARN_INT_CONVERSION = YES;
				CLANG_WARN_NON_LITERAL_NULL_CONVERSION = YES;
				CLANG_WARN_OBJC_IMPLICIT_RETAIN_SELF = YES;
				CLANG_WARN_OBJC_LITERAL_CONVERSION = YES;
				CLANG_WARN_OBJC_ROOT_CLASS = YES_ERROR;
				CLANG_WARN_RANGE_LOOP_ANALYSIS = YES;
				CLANG_WARN_STRICT_PROTOTYPES = YES;
				CLANG_WARN_SUSPICIOUS_MOVE = YES;
				CLANG_WARN_UNGUARDED_AVAILABILITY = YES_AGGRESSIVE;
				CLANG_WARN_UNREACHABLE_CODE = YES;
				CLANG_WARN__DUPLICATE_METHOD_MATCH = YES;
				COPY_PHASE_STRIP = NO;
				DEBUG_INFORMATION_FORMAT = dwarf;
				ENABLE_STRICT_OBJC_MSGSEND = YES;
				ENABLE_TESTABILITY = YES;
				GCC_C_LANGUAGE_STANDARD = gnu11;
				GCC_DYNAMIC_NO_PIC = NO;
				GCC_NO_COMMON_BLOCKS = YES;
				GCC_OPTIMIZATION_LEVEL = 0;
				GCC_PREPROCESSOR_DEFINITIONS = (
					"DEBUG=1",
					"$(inherited)",
				);
				GCC_WARN_64_TO_32_BIT_CONVERSION = YES;
				GCC_WARN_ABOUT_RETURN_TYPE = YES_ERROR;
				GCC_WARN_UNDECLARED_SELECTOR = YES;
				GCC_WARN_UNINITIALIZED_AUTOS = YES_AGGRESSIVE;
				GCC_WARN_UNUSED_FUNCTION = YES;
				GCC_WARN_UNUSED_VARIABLE = YES;
				IPHONEOS_DEPLOYMENT_TARGET = 13.2;
				MTL_ENABLE_DEBUG_INFO = INCLUDE_SOURCE;
				MTL_FAST_MATH = YES;
				ONLY_ACTIVE_ARCH = YES;
				SDKROOT = iphoneos;
				SWIFT_ACTIVE_COMPILATION_CONDITIONS = DEBUG;
				SWIFT_OPTIMIZATION_LEVEL = "-Onone";
			};
			name = Debug;
		};
		062519BA23C823BA009A81C0 /* Release */ = {
			isa = XCBuildConfiguration;
			buildSettings = {
				ALWAYS_SEARCH_USER_PATHS = NO;
				CLANG_ANALYZER_NONNULL = YES;
				CLANG_ANALYZER_NUMBER_OBJECT_CONVERSION = YES_AGGRESSIVE;
				CLANG_CXX_LANGUAGE_STANDARD = "gnu++14";
				CLANG_CXX_LIBRARY = "libc++";
				CLANG_ENABLE_MODULES = YES;
				CLANG_ENABLE_OBJC_ARC = YES;
				CLANG_ENABLE_OBJC_WEAK = YES;
				CLANG_WARN_BLOCK_CAPTURE_AUTORELEASING = YES;
				CLANG_WARN_BOOL_CONVERSION = YES;
				CLANG_WARN_COMMA = YES;
				CLANG_WARN_CONSTANT_CONVERSION = YES;
				CLANG_WARN_DEPRECATED_OBJC_IMPLEMENTATIONS = YES;
				CLANG_WARN_DIRECT_OBJC_ISA_USAGE = YES_ERROR;
				CLANG_WARN_DOCUMENTATION_COMMENTS = YES;
				CLANG_WARN_EMPTY_BODY = YES;
				CLANG_WARN_ENUM_CONVERSION = YES;
				CLANG_WARN_INFINITE_RECURSION = YES;
				CLANG_WARN_INT_CONVERSION = YES;
				CLANG_WARN_NON_LITERAL_NULL_CONVERSION = YES;
				CLANG_WARN_OBJC_IMPLICIT_RETAIN_SELF = YES;
				CLANG_WARN_OBJC_LITERAL_CONVERSION = YES;
				CLANG_WARN_OBJC_ROOT_CLASS = YES_ERROR;
				CLANG_WARN_RANGE_LOOP_ANALYSIS = YES;
				CLANG_WARN_STRICT_PROTOTYPES = YES;
				CLANG_WARN_SUSPICIOUS_MOVE = YES;
				CLANG_WARN_UNGUARDED_AVAILABILITY = YES_AGGRESSIVE;
				CLANG_WARN_UNREACHABLE_CODE = YES;
				CLANG_WARN__DUPLICATE_METHOD_MATCH = YES;
				COPY_PHASE_STRIP = NO;
				DEBUG_INFORMATION_FORMAT = "dwarf-with-dsym";
				ENABLE_NS_ASSERTIONS = NO;
				ENABLE_STRICT_OBJC_MSGSEND = YES;
				GCC_C_LANGUAGE_STANDARD = gnu11;
				GCC_NO_COMMON_BLOCKS = YES;
				GCC_WARN_64_TO_32_BIT_CONVERSION = YES;
				GCC_WARN_ABOUT_RETURN_TYPE = YES_ERROR;
				GCC_WARN_UNDECLARED_SELECTOR = YES;
				GCC_WARN_UNINITIALIZED_AUTOS = YES_AGGRESSIVE;
				GCC_WARN_UNUSED_FUNCTION = YES;
				GCC_WARN_UNUSED_VARIABLE = YES;
				IPHONEOS_DEPLOYMENT_TARGET = 13.2;
				MTL_ENABLE_DEBUG_INFO = NO;
				MTL_FAST_MATH = YES;
				SDKROOT = iphoneos;
				SWIFT_COMPILATION_MODE = wholemodule;
				SWIFT_OPTIMIZATION_LEVEL = "-O";
				VALIDATE_PRODUCT = YES;
			};
			name = Release;
		};
		062519BC23C823BA009A81C0 /* Debug */ = {
			isa = XCBuildConfiguration;
			baseConfigurationReference = 47213AC754B660CDD44EAA91 /* Pods-TestCatalyst.debug.xcconfig */;
			buildSettings = {
				ASSETCATALOG_COMPILER_APPICON_NAME = AppIcon;
				CLANG_ENABLE_MODULES = YES;
				CODE_SIGN_ENTITLEMENTS = TestCatalyst/TestCatalyst.entitlements;
				CODE_SIGN_STYLE = Automatic;
				DERIVE_MACCATALYST_PRODUCT_BUNDLE_IDENTIFIER = YES;
				DEVELOPMENT_TEAM = 245B4P8J7P;
				INFOPLIST_FILE = TestCatalyst/Info.plist;
				LD_RUNPATH_SEARCH_PATHS = (
					"$(inherited)",
					"@executable_path/Frameworks",
				);
				PRODUCT_BUNDLE_IDENTIFIER = com.staysorted.TestCatalyst;
				PRODUCT_NAME = "$(TARGET_NAME)";
				SUPPORTS_MACCATALYST = YES;
				SWIFT_OBJC_BRIDGING_HEADER = "TestCatalyst/TestCatalyst-Bridging-Header.h";
				SWIFT_OPTIMIZATION_LEVEL = "-Onone";
				SWIFT_VERSION = 5.0;
				TARGETED_DEVICE_FAMILY = "1,2";
			};
			name = Debug;
		};
		062519BD23C823BA009A81C0 /* Release */ = {
			isa = XCBuildConfiguration;
			baseConfigurationReference = B113108BD4A466C57DEC307E /* Pods-TestCatalyst.release.xcconfig */;
			buildSettings = {
				ASSETCATALOG_COMPILER_APPICON_NAME = AppIcon;
				CLANG_ENABLE_MODULES = YES;
				CODE_SIGN_ENTITLEMENTS = TestCatalyst/TestCatalyst.entitlements;
				CODE_SIGN_STYLE = Automatic;
				DERIVE_MACCATALYST_PRODUCT_BUNDLE_IDENTIFIER = YES;
				DEVELOPMENT_TEAM = 245B4P8J7P;
				INFOPLIST_FILE = TestCatalyst/Info.plist;
				LD_RUNPATH_SEARCH_PATHS = (
					"$(inherited)",
					"@executable_path/Frameworks",
				);
				PRODUCT_BUNDLE_IDENTIFIER = com.staysorted.TestCatalyst;
				PRODUCT_NAME = "$(TARGET_NAME)";
				SUPPORTS_MACCATALYST = YES;
				SWIFT_OBJC_BRIDGING_HEADER = "TestCatalyst/TestCatalyst-Bridging-Header.h";
				SWIFT_VERSION = 5.0;
				TARGETED_DEVICE_FAMILY = "1,2";
			};
			name = Release;
		};
		062519BF23C823BA009A81C0 /* Debug */ = {
			isa = XCBuildConfiguration;
			buildSettings = {
				ALWAYS_EMBED_SWIFT_STANDARD_LIBRARIES = YES;
				BUNDLE_LOADER = "$(TEST_HOST)";
				CODE_SIGN_STYLE = Automatic;
				DEVELOPMENT_TEAM = 245B4P8J7P;
				INFOPLIST_FILE = TestCatalystTests/Info.plist;
				IPHONEOS_DEPLOYMENT_TARGET = 13.2;
				LD_RUNPATH_SEARCH_PATHS = (
					"$(inherited)",
					"@executable_path/Frameworks",
					"@loader_path/Frameworks",
				);
				PRODUCT_BUNDLE_IDENTIFIER = com.staysorted.TestCatalystTests;
				PRODUCT_NAME = "$(TARGET_NAME)";
				SWIFT_VERSION = 5.0;
				TARGETED_DEVICE_FAMILY = "1,2";
				TEST_HOST = "$(BUILT_PRODUCTS_DIR)/TestCatalyst.app/TestCatalyst";
			};
			name = Debug;
		};
		062519C023C823BA009A81C0 /* Release */ = {
			isa = XCBuildConfiguration;
			buildSettings = {
				ALWAYS_EMBED_SWIFT_STANDARD_LIBRARIES = YES;
				BUNDLE_LOADER = "$(TEST_HOST)";
				CODE_SIGN_STYLE = Automatic;
				DEVELOPMENT_TEAM = 245B4P8J7P;
				INFOPLIST_FILE = TestCatalystTests/Info.plist;
				IPHONEOS_DEPLOYMENT_TARGET = 13.2;
				LD_RUNPATH_SEARCH_PATHS = (
					"$(inherited)",
					"@executable_path/Frameworks",
					"@loader_path/Frameworks",
				);
				PRODUCT_BUNDLE_IDENTIFIER = com.staysorted.TestCatalystTests;
				PRODUCT_NAME = "$(TARGET_NAME)";
				SWIFT_VERSION = 5.0;
				TARGETED_DEVICE_FAMILY = "1,2";
				TEST_HOST = "$(BUILT_PRODUCTS_DIR)/TestCatalyst.app/TestCatalyst";
			};
			name = Release;
		};
		062519C223C823BA009A81C0 /* Debug */ = {
			isa = XCBuildConfiguration;
			buildSettings = {
				ALWAYS_EMBED_SWIFT_STANDARD_LIBRARIES = YES;
				CODE_SIGN_STYLE = Automatic;
				DEVELOPMENT_TEAM = 245B4P8J7P;
				INFOPLIST_FILE = TestCatalystUITests/Info.plist;
				LD_RUNPATH_SEARCH_PATHS = (
					"$(inherited)",
					"@executable_path/Frameworks",
					"@loader_path/Frameworks",
				);
				PRODUCT_BUNDLE_IDENTIFIER = com.staysorted.TestCatalystUITests;
				PRODUCT_NAME = "$(TARGET_NAME)";
				SWIFT_VERSION = 5.0;
				TARGETED_DEVICE_FAMILY = "1,2";
				TEST_TARGET_NAME = TestCatalyst;
			};
			name = Debug;
		};
		062519C323C823BA009A81C0 /* Release */ = {
			isa = XCBuildConfiguration;
			buildSettings = {
				ALWAYS_EMBED_SWIFT_STANDARD_LIBRARIES = YES;
				CODE_SIGN_STYLE = Automatic;
				DEVELOPMENT_TEAM = 245B4P8J7P;
				INFOPLIST_FILE = TestCatalystUITests/Info.plist;
				LD_RUNPATH_SEARCH_PATHS = (
					"$(inherited)",
					"@executable_path/Frameworks",
					"@loader_path/Frameworks",
				);
				PRODUCT_BUNDLE_IDENTIFIER = com.staysorted.TestCatalystUITests;
				PRODUCT_NAME = "$(TARGET_NAME)";
				SWIFT_VERSION = 5.0;
				TARGETED_DEVICE_FAMILY = "1,2";
				TEST_TARGET_NAME = TestCatalyst;
			};
			name = Release;
		};
		062519D223C82A48009A81C0 /* Debug */ = {
			isa = XCBuildConfiguration;
			baseConfigurationReference = 1DBFE0591630BA0D4C2C8E96 /* Pods-AppKitGlue.debug.xcconfig */;
			buildSettings = {
				CLANG_ENABLE_MODULES = YES;
				CODE_SIGN_STYLE = Automatic;
				COMBINE_HIDPI_IMAGES = YES;
				DERIVE_MACCATALYST_PRODUCT_BUNDLE_IDENTIFIER = NO;
				DEVELOPMENT_TEAM = 245B4P8J7P;
				INFOPLIST_FILE = AppKitGlue/Info.plist;
				INSTALL_PATH = "$(LOCAL_LIBRARY_DIR)/Bundles";
				LD_RUNPATH_SEARCH_PATHS = (
					"$(inherited)",
					"@executable_path/../Frameworks",
					"@loader_path/../Frameworks",
				);
				MACOSX_DEPLOYMENT_TARGET = 10.15;
				PRODUCT_BUNDLE_IDENTIFIER = com.staysorted.AppKitGlue;
				PRODUCT_NAME = "$(TARGET_NAME)";
				SDKROOT = macosx;
				SKIP_INSTALL = YES;
				SUPPORTS_MACCATALYST = NO;
				SWIFT_OBJC_BRIDGING_HEADER = "AppKitGlue/AppKitGlue-Bridging-Header.h";
				SWIFT_OPTIMIZATION_LEVEL = "-Onone";
				SWIFT_VERSION = 5.0;
				WRAPPER_EXTENSION = bundle;
			};
			name = Debug;
		};
		062519D323C82A48009A81C0 /* Release */ = {
			isa = XCBuildConfiguration;
			baseConfigurationReference = B7815CB29C732AE45AF853DD /* Pods-AppKitGlue.release.xcconfig */;
			buildSettings = {
				CLANG_ENABLE_MODULES = YES;
				CODE_SIGN_STYLE = Automatic;
				COMBINE_HIDPI_IMAGES = YES;
				DERIVE_MACCATALYST_PRODUCT_BUNDLE_IDENTIFIER = NO;
				DEVELOPMENT_TEAM = 245B4P8J7P;
				INFOPLIST_FILE = AppKitGlue/Info.plist;
				INSTALL_PATH = "$(LOCAL_LIBRARY_DIR)/Bundles";
				LD_RUNPATH_SEARCH_PATHS = (
					"$(inherited)",
					"@executable_path/../Frameworks",
					"@loader_path/../Frameworks",
				);
				MACOSX_DEPLOYMENT_TARGET = 10.15;
				PRODUCT_BUNDLE_IDENTIFIER = com.staysorted.AppKitGlue;
				PRODUCT_NAME = "$(TARGET_NAME)";
				SDKROOT = macosx;
				SKIP_INSTALL = YES;
				SUPPORTS_MACCATALYST = NO;
				SWIFT_OBJC_BRIDGING_HEADER = "AppKitGlue/AppKitGlue-Bridging-Header.h";
				SWIFT_VERSION = 5.0;
				WRAPPER_EXTENSION = bundle;
			};
			name = Release;
		};
/* End XCBuildConfiguration section */

/* Begin XCConfigurationList section */
		0625198A23C823B8009A81C0 /* Build configuration list for PBXProject "TestCatalyst" */ = {
			isa = XCConfigurationList;
			buildConfigurations = (
				062519B923C823BA009A81C0 /* Debug */,
				062519BA23C823BA009A81C0 /* Release */,
			);
			defaultConfigurationIsVisible = 0;
			defaultConfigurationName = Release;
		};
		062519BB23C823BA009A81C0 /* Build configuration list for PBXNativeTarget "TestCatalyst" */ = {
			isa = XCConfigurationList;
			buildConfigurations = (
				062519BC23C823BA009A81C0 /* Debug */,
				062519BD23C823BA009A81C0 /* Release */,
			);
			defaultConfigurationIsVisible = 0;
			defaultConfigurationName = Release;
		};
		062519BE23C823BA009A81C0 /* Build configuration list for PBXNativeTarget "TestCatalystTests" */ = {
			isa = XCConfigurationList;
			buildConfigurations = (
				062519BF23C823BA009A81C0 /* Debug */,
				062519C023C823BA009A81C0 /* Release */,
			);
			defaultConfigurationIsVisible = 0;
			defaultConfigurationName = Release;
		};
		062519C123C823BA009A81C0 /* Build configuration list for PBXNativeTarget "TestCatalystUITests" */ = {
			isa = XCConfigurationList;
			buildConfigurations = (
				062519C223C823BA009A81C0 /* Debug */,
				062519C323C823BA009A81C0 /* Release */,
			);
			defaultConfigurationIsVisible = 0;
			defaultConfigurationName = Release;
		};
		062519D123C82A48009A81C0 /* Build configuration list for PBXNativeTarget "AppKitGlue" */ = {
			isa = XCConfigurationList;
			buildConfigurations = (
				062519D223C82A48009A81C0 /* Debug */,
				062519D323C82A48009A81C0 /* Release */,
			);
			defaultConfigurationIsVisible = 0;
			defaultConfigurationName = Release;
		};
/* End XCConfigurationList section */
	};
	rootObject = 0625198723C823B8009A81C0 /* Project object */;
}
